{
  "name": "生成二维码。传入链接，即可使用，可快速扫出链接",
  "version": "1.0.7",
  "lockfileVersion": 1,
  "requires": true,
  "dependencies": {
    "@babel/runtime": {
      "version": "7.17.2",
      "resolved": "https://registry.npmjs.org/@babel/runtime/-/runtime-7.17.2.tgz",
      "integrity": "sha512-hzeyJyMA1YGdJTuWU0e/j4wKXrU4OMFvY2MSlaI9B7VQb0r5cxTE3EAIS2Q7Tn2RIcDkRvTA/v2JsAEhxe99uw==",
      "requires": {
        "regenerator-runtime": "^0.13.4"
      }
    },
    "@lucky-canvas/uni": {
      "version": "0.0.10",
      "resolved": "https://registry.npmjs.org/@lucky-canvas/uni/-/uni-0.0.10.tgz",
      "integrity": "sha512-1K7SPr0FT1PfHRYXEh9CwOA/UqayxQosOA8wkZ3w3dfpoB8dij8Y6QGPKjHOMvHRRD1qFU3AEY7XVytjuktVaw==",
      "requires": {
        "lucky-canvas": "~1.7.19"
      }
    },
    "@popperjs/core": {
      "version": "2.11.2",
      "resolved": "https://registry.npmjs.org/@popperjs/core/-/core-2.11.2.tgz",
      "integrity": "sha512-92FRmppjjqz29VMJ2dn+xdyXZBrMlE42AV6Kq6BwjWV7CNUW1hs2FtxSNLQE+gJhaZ6AAmYuO9y8dshhcBl7vA=="
    },
    "@vant/icons": {
      "version": "1.7.3",
      "resolved": "https://registry.npmjs.org/@vant/icons/-/icons-1.7.3.tgz",
      "integrity": "sha512-tW4EqzxN4kXw1rnlnQJQHofEifPbt/gECOWiibomht8QLyvoGuE4iUmDFS288dJ07ZjuTy0bhdABj0SENo2fmQ=="
    },
    "@vant/popperjs": {
      "version": "1.1.0",
      "resolved": "https://registry.npmjs.org/@vant/popperjs/-/popperjs-1.1.0.tgz",
      "integrity": "sha512-8MD1gz146awV/uPxYjz4pet22f7a9YVKqk7T+gFkWFwT9mEcrIUEg/xPrdOnWKLP9puXyYtm7oVfSDSefZ/p/w==",
      "requires": {
        "@popperjs/core": "^2.9.2"
      }
    },
    "@vue/babel-helper-vue-jsx-merge-props": {
      "version": "1.2.1",
      "resolved": "https://registry.npmjs.org/@vue/babel-helper-vue-jsx-merge-props/-/babel-helper-vue-jsx-merge-props-1.2.1.tgz",
      "integrity": "sha512-QOi5OW45e2R20VygMSNhyQHvpdUwQZqGPc748JLGCYEy+yp8fNFNdbNIGAgZmi9e+2JHPd6i6idRuqivyicIkA=="
    },
    "google-libphonenumber": {
      "version": "3.2.27",
      "resolved": "https://registry.npmjs.org/google-libphonenumber/-/google-libphonenumber-3.2.27.tgz",
      "integrity": "sha512-et3QlrfWemNPhyUfXZmJG8TfzitfAN71ygNI15+B35zNge/7vyZxkpDsc13oninkf8RAtN2kNEzvMr4L1n3vfQ=="
    },
    "lucky-canvas": {
      "version": "1.7.22",
      "resolved": "https://registry.npmjs.org/lucky-canvas/-/lucky-canvas-1.7.22.tgz",
      "integrity": "sha512-Bv72z0t9IOVro5y+hvZunDfdZ3cfdcBU/1bbmiz7QjhNZkb46/7aKVxfz81MygxBTd/ypy61wTnIpVd+mOkO9A=="
    },
    "regenerator-runtime": {
      "version": "0.13.9",
      "resolved": "https://registry.npmjs.org/regenerator-runtime/-/regenerator-runtime-0.13.9.tgz",
      "integrity": "sha512-p3VT+cOEgxFsRRA9X4lkI1E+k2/CtnKtU4gcxyaCUreilL/vqI6CdZ3wxVUx3UOUg+gnUOQQcRI7BmSI656MYA=="
    },
    "uniapp-route-guards": {
      "version": "1.0.7",
      "resolved": "https://registry.npmjs.org/uniapp-route-guards/-/uniapp-route-guards-1.0.7.tgz",
      "integrity": "sha512-w9FYzar+EjfB64VYHQnmVcOfVkPQ1bv8u4wNTHln+rPKSTdjXjd3ubkYOLOuUcJfzsUHwxKC9hc2/ZFK90STOw=="
    },
    "vant": {
      "version": "2.12.44",
      "resolved": "https://registry.npmjs.org/vant/-/vant-2.12.44.tgz",
      "integrity": "sha512-0ZRq0v+26Ny6Ezt3M1GEN5KLEh6vVp6rBmQENi6jd0HejgpwfCRUWTFCH9sQqB3LhfxJ7ywHmrLAn5oj1eHozA==",
      "requires": {
        "@babel/runtime": "7.x",
        "@vant/icons": "^1.7.1",
        "@vant/popperjs": "^1.1.0",
        "@vue/babel-helper-vue-jsx-merge-props": "^1.0.0",
        "vue-lazyload": "1.2.3"
      }
    },
    "vue-lazyload": {
      "version": "1.2.3",
      "resolved": "https://registry.npmjs.org/vue-lazyload/-/vue-lazyload-1.2.3.tgz",
      "integrity": "sha512-DC0ZwxanbRhx79tlA3zY5OYJkH8FYp3WBAnAJbrcuoS8eye1P73rcgAZhyxFSPUluJUTelMB+i/+VkNU/qVm7g=="
    }
  }
}
